{
  "originHash" : "61f627686f197b330962264dc9ca5bc822c1c029db0cb0790a9590c57f508995",
  "pins" : [
    {
      "identity" : "maplibre-gl-native-distribution",
      "kind" : "remoteSourceControl",
      "location" : "https://github.com/maplibre/maplibre-gl-native-distribution",
      "state" : {
        "revision" : "0f0359865882095c57a555a002bb90b677388874",
        "version" : "6.11.0"
      }
    }
  ],
  "version" : 3
}
