PODS:
  - Flutter (1.0.0)
  - integration_test (0.0.1):
    - Flutter
  - MapLibre (6.13.0)
  - mapmetrics (0.0.1):
    - Flutter
    - MapLibre (~> 6.11)
  - objective_c (0.0.1):
    - Flutter
  - pointer_interceptor_ios (0.0.1):
    - Flutter
  - url_launcher_ios (0.0.1):
    - Flutter

DEPENDENCIES:
  - Flutter (from `Flutter`)
  - integration_test (from `.symlinks/plugins/integration_test/ios`)
  - mapmetrics (from `.symlinks/plugins/mapmetrics/ios`)
  - objective_c (from `.symlinks/plugins/objective_c/ios`)
  - pointer_interceptor_ios (from `.symlinks/plugins/pointer_interceptor_ios/ios`)
  - url_launcher_ios (from `.symlinks/plugins/url_launcher_ios/ios`)

SPEC REPOS:
  trunk:
    - MapLibre

EXTERNAL SOURCES:
  Flutter:
    :path: Flutter
  integration_test:
    :path: ".symlinks/plugins/integration_test/ios"
  mapmetrics:
    :path: ".symlinks/plugins/mapmetrics/ios"
  objective_c:
    :path: ".symlinks/plugins/objective_c/ios"
  pointer_interceptor_ios:
    :path: ".symlinks/plugins/pointer_interceptor_ios/ios"
  url_launcher_ios:
    :path: ".symlinks/plugins/url_launcher_ios/ios"

SPEC CHECKSUMS:
  Flutter: e0871f40cf51350855a761d2e70bf5af5b9b5de7
  integration_test: 252f60fa39af5e17c3aa9899d35d908a0721b573
  MapLibre: 530d4b60fa6a07b973f538b31559b36cdbc20539
  mapmetrics: 10851e283b5ef531e4ebe2ece1f90f1f488c3911
  objective_c: 77e887b5ba1827970907e10e832eec1683f3431d
  pointer_interceptor_ios: 508241697ff0947f853c061945a8b822463947c1
  url_launcher_ios: 5334b05cef931de560670eeae103fd3e431ac3fe

PODFILE CHECKSUM: 4305caec6b40dde0ae97be1573c53de1882a07e5

COCOAPODS: 1.16.2
