PODS:
  - FlutterMacOS (1.0.0)
  - mapmetrics (0.1.0):
    - FlutterMacOS
  - objective_c (0.0.1):
    - FlutterMacOS
  - url_launcher_macos (0.0.1):
    - FlutterMacOS

DEPENDENCIES:
  - FlutterMacOS (from `Flutter/ephemeral`)
  - mapmetrics (from `Flutter/ephemeral/.symlinks/plugins/mapmetrics/macos`)
  - objective_c (from `Flutter/ephemeral/.symlinks/plugins/objective_c/macos`)
  - url_launcher_macos (from `Flutter/ephemeral/.symlinks/plugins/url_launcher_macos/macos`)

EXTERNAL SOURCES:
  FlutterMacOS:
    :path: Flutter/ephemeral
  mapmetrics:
    :path: Flutter/ephemeral/.symlinks/plugins/mapmetrics/macos
  objective_c:
    :path: Flutter/ephemeral/.symlinks/plugins/objective_c/macos
  url_launcher_macos:
    :path: Flutter/ephemeral/.symlinks/plugins/url_launcher_macos/macos

SPEC CHECKSUMS:
  FlutterMacOS: d0db08ddef1a9af05a5ec4b724367152bb0500b1
  mapmetrics: 4a437ea4051844848b001a54d6aa2f4ad57ac620
  objective_c: ec13431e45ba099cb734eb2829a5c1cd37986cba
  url_launcher_macos: 0fba8ddabfc33ce0a9afe7c5fef5aab3d8d2d673

PODFILE CHECKSUM: 9ebaf0ce3d369aaa26a9ea0e159195ed94724cf3

COCOAPODS: 1.16.2
